
Microsoft Visual Studio Solution File, Format Version 12.00
# Visual Studio 15
VisualStudioVersion = 15.0.28010.2046
MinimumVisualStudioVersion = 10.0.40219.1
Project("{F184B08F-C81C-45F6-A57F-5ABD9991F28F}") = "PC410_APP_0.2", "PC410_APP\PC410_APP_0.2.vbproj", "{E6CCCE7B-5B43-48AC-BB5B-1CE4289B73DE}"
EndProject
Global
	GlobalSection(SolutionConfigurationPlatforms) = preSolution
		Debug|Any CPU = Debug|Any CPU
		Release|Any CPU = Release|Any CPU
	EndGlobalSection
	GlobalSection(ProjectConfigurationPlatforms) = postSolution
		{E6CCCE7B-5B43-48AC-BB5B-1CE4289B73DE}.Debug|Any CPU.ActiveCfg = Debug|Any CPU
		{E6CCCE7B-5B43-48AC-BB5B-1CE4289B73DE}.Debug|Any CPU.Build.0 = Debug|Any CPU
		{E6CCCE7B-5B43-48AC-BB5B-1CE4289B73DE}.Release|Any CPU.ActiveCfg = Release|Any CPU
		{E6CCCE7B-5B43-48AC-BB5B-1CE4289B73DE}.Release|Any CPU.Build.0 = Release|Any CPU
	EndGlobalSection
	GlobalSection(SolutionProperties) = preSolution
		HideSolutionNode = FALSE
	EndGlobalSection
	GlobalSection(ExtensibilityGlobals) = postSolution
		SolutionGuid = {44E86D04-039A-4CB0-B5E2-0F873BA9D857}
	EndGlobalSection
EndGlobal
